<?xml version="1.0" encoding="utf-8"?>
<Project ToolsVersion="4.0" xmlns="http://schemas.microsoft.com/developer/msbuild/2003">
  <ItemGroup>
    <Filter Include="Source Files">
      <UniqueIdentifier>{4FC737F1-C7A5-4376-A066-2A32D752A2FF}</UniqueIdentifier>
      <Extensions>cpp;c;cc;cxx;def;odl;idl;hpj;bat;asm;asmx</Extensions>
    </Filter>
    <Filter Include="Resource Files">
      <UniqueIdentifier>{D9D6E242-F8AF-46E4-B9FD-80ECBC20BA3E}</UniqueIdentifier>
      <Extensions>qrc;*</Extensions>
      <ParseFiles>false</ParseFiles>
    </Filter>
    <Filter Include="Form Files">
      <UniqueIdentifier>{99349809-55BA-4b9d-BF79-8FDBB0286EB3}</UniqueIdentifier>
      <Extensions>ui</Extensions>
    </Filter>
    <Filter Include="Resource Files">
      <UniqueIdentifier>{D9D6E242-F8AF-46E4-B9FD-80ECBC20BA3E}</UniqueIdentifier>
      <Extensions>qrc;*</Extensions>
      <ParseFiles>false</ParseFiles>
    </Filter>
    <Filter Include="Generated Files">
      <UniqueIdentifier>{71ED8ED8-ACB9-4CE9-BBE1-E00B30144E11}</UniqueIdentifier>
      <Extensions>moc;h;cpp</Extensions>
      <SourceControlFiles>False</SourceControlFiles>
    </Filter>
    <Filter Include="Source Files\Editor">
      <UniqueIdentifier>{6bea7620-da33-44a6-9dfd-a5bb4b7f18b6}</UniqueIdentifier>
    </Filter>
    <Filter Include="Source Files\Engine">
      <UniqueIdentifier>{40ba78e8-ae95-4607-b64e-fa05569e1413}</UniqueIdentifier>
    </Filter>
    <Filter Include="Source Files\Editor\Viewport">
      <UniqueIdentifier>{ea98d13f-ea8f-470f-9a86-06cf51cafcdf}</UniqueIdentifier>
    </Filter>
    <Filter Include="Source Files\Engine\Utils">
      <UniqueIdentifier>{655add2d-ee03-4f2c-8c80-8d798b52f4a3}</UniqueIdentifier>
    </Filter>
    <Filter Include="Source Files\Engine\Utils\Threads">
      <UniqueIdentifier>{5174d312-658d-41be-b0b3-82846f16f251}</UniqueIdentifier>
    </Filter>
    <Filter Include="Source Files\Engine\Utils\Shaders">
      <UniqueIdentifier>{be12c14a-4f25-43f8-b07f-13e6e1dc9a69}</UniqueIdentifier>
    </Filter>
    <Filter Include="Source Files\Engine\Game">
      <UniqueIdentifier>{92d80881-6805-48be-b116-6ea35b855002}</UniqueIdentifier>
    </Filter>
    <Filter Include="Source Files\Engine\Game\Entity">
      <UniqueIdentifier>{6f7cfcf2-f145-46b2-a23b-5c7490644a7e}</UniqueIdentifier>
    </Filter>
    <Filter Include="Source Files\Engine\Game\Render">
      <UniqueIdentifier>{4684b551-ec0a-4a35-b1aa-2f47920020b3}</UniqueIdentifier>
    </Filter>
    <Filter Include="Source Files\Engine\Game\Entity\Simple">
      <UniqueIdentifier>{316d524c-a9c3-4c56-af14-1d277829b248}</UniqueIdentifier>
    </Filter>
    <Filter Include="Source Files\Engine\Game\Entity\SOA">
      <UniqueIdentifier>{b970bf82-f3a5-43f9-9a85-03d952ad50b7}</UniqueIdentifier>
    </Filter>
  </ItemGroup>
  <ItemGroup>
    <ClCompile Include="main.cpp">
      <Filter>Source Files</Filter>
    </ClCompile>
    <ClCompile Include="stdafx.cpp">
      <Filter>Source Files</Filter>
    </ClCompile>
    <ClCompile Include="QSavannahMainWindow.cpp">
      <Filter>Source Files\Editor</Filter>
    </ClCompile>
    <ClCompile Include="QRenderWindow.cpp">
      <Filter>Source Files\Editor\Viewport</Filter>
    </ClCompile>
    <ClCompile Include="QRenderViewport.cpp">
      <Filter>Source Files\Editor\Viewport</Filter>
    </ClCompile>
    <ClCompile Include="QWorkerObject.cpp">
      <Filter>Source Files\Engine\Utils\Threads</Filter>
    </ClCompile>
    <ClCompile Include="QWorkerThread.cpp">
      <Filter>Source Files\Engine\Utils\Threads</Filter>
    </ClCompile>
    <ClCompile Include="GLShader.cpp">
      <Filter>Source Files\Engine\Utils\Shaders</Filter>
    </ClCompile>
    <ClCompile Include="Game.cpp">
      <Filter>Source Files\Engine\Game</Filter>
    </ClCompile>
    <ClCompile Include="Scene.cpp">
      <Filter>Source Files\Engine\Game</Filter>
    </ClCompile>
    <ClCompile Include="IEntity.cpp">
      <Filter>Source Files\Engine\Game\Entity</Filter>
    </ClCompile>
    <ClCompile Include="RenderSystem.cpp">
      <Filter>Source Files\Engine\Game\Render</Filter>
    </ClCompile>
    <ClCompile Include="SimpleEntity.cpp">
      <Filter>Source Files\Engine\Game\Entity\Simple</Filter>
    </ClCompile>
    <ClCompile Include="SOAEntity.cpp">
      <Filter>Source Files\Engine\Game\Entity\SOA</Filter>
    </ClCompile>
    <ClCompile Include="GridEntity.cpp">
      <Filter>Source Files\Engine\Game\Entity\Simple</Filter>
    </ClCompile>
    <ClCompile Include="Renderer.cpp">
      <Filter>Source Files\Engine\Game\Render</Filter>
    </ClCompile>
    <ClCompile Include="IGameWindow.cpp">
      <Filter>Source Files\Engine\Game\Render</Filter>
    </ClCompile>
  </ItemGroup>
  <ItemGroup>
    <QtUic Include="SavannahUI.ui">
      <Filter>Form Files</Filter>
    </QtUic>
  </ItemGroup>
  <ItemGroup>
    <QtRcc Include="SavannahResource.qrc">
      <Filter>Resource Files</Filter>
    </QtRcc>
  </ItemGroup>
  <ItemGroup>
    <QtMoc Include="QSavannahMainWindow.h">
      <Filter>Source Files\Editor</Filter>
    </QtMoc>
    <QtMoc Include="QRenderWindow.h">
      <Filter>Source Files\Editor\Viewport</Filter>
    </QtMoc>
    <QtMoc Include="QRenderViewport.h">
      <Filter>Source Files\Editor\Viewport</Filter>
    </QtMoc>
    <QtMoc Include="QWorkerThread.h">
      <Filter>Source Files\Engine\Utils\Threads</Filter>
    </QtMoc>
    <QtMoc Include="QWorkerObject.h">
      <Filter>Source Files\Engine\Utils\Threads</Filter>
    </QtMoc>
    <QtMoc Include="Game.h">
      <Filter>Source Files\Engine\Game</Filter>
    </QtMoc>
  </ItemGroup>
  <ItemGroup>
    <ClInclude Include="stdafx.h">
      <Filter>Source Files</Filter>
    </ClInclude>
    <ClInclude Include="GLShader.h">
      <Filter>Source Files\Engine\Utils\Shaders</Filter>
    </ClInclude>
    <ClInclude Include="QScopedLock.h">
      <Filter>Source Files\Engine\Utils\Threads</Filter>
    </ClInclude>
    <ClInclude Include="Scene.h">
      <Filter>Source Files\Engine\Game</Filter>
    </ClInclude>
    <ClInclude Include="IEntity.h">
      <Filter>Source Files\Engine\Game\Entity</Filter>
    </ClInclude>
    <ClInclude Include="RenderSystem.h">
      <Filter>Source Files\Engine\Game\Render</Filter>
    </ClInclude>
    <ClInclude Include="SimpleEntity.h">
      <Filter>Source Files\Engine\Game\Entity\Simple</Filter>
    </ClInclude>
    <ClInclude Include="SOAEntity.h">
      <Filter>Source Files\Engine\Game\Entity\SOA</Filter>
    </ClInclude>
    <ClInclude Include="GridEntity.h">
      <Filter>Source Files\Engine\Game\Entity\Simple</Filter>
    </ClInclude>
    <ClInclude Include="Renderer.h">
      <Filter>Source Files\Engine\Game\Render</Filter>
    </ClInclude>
    <ClInclude Include="IGameWindow.h">
      <Filter>Source Files\Engine\Game\Render</Filter>
    </ClInclude>
  </ItemGroup>
</Project>